
Microsoft Visual Studio Solution File, Format Version 12.00
# Visual Studio 14
VisualStudioVersion = 14.0.25420.1
MinimumVisualStudioVersion = 10.0.40219.1
Project("{E24C65DC-7377-472B-9ABA-BC803B73C61A}") = "AngularCustomerProject", ".", "{D6A2E680-0B3D-460B-92D2-D12CE1C0889D}"
	ProjectSection(WebsiteProperties) = preProject
		TargetFrameworkMoniker = ".NETFramework,Version%3Dv4.0"
		Debug.AspNetCompiler.VirtualPath = "/localhost_50144"
		Debug.AspNetCompiler.PhysicalPath = "..\AngularCustomerProject\"
		Debug.AspNetCompiler.TargetPath = "PrecompiledWeb\localhost_50144\"
		Debug.AspNetCompiler.Updateable = "true"
		Debug.AspNetCompiler.ForceOverwrite = "true"
		Debug.AspNetCompiler.FixedNames = "false"
		Debug.AspNetCompiler.Debug = "True"
		Release.AspNetCompiler.VirtualPath = "/localhost_50144"
		Release.AspNetCompiler.PhysicalPath = "..\AngularCustomerProject\"
		Release.AspNetCompiler.TargetPath = "PrecompiledWeb\localhost_50144\"
		Release.AspNetCompiler.Updateable = "true"
		Release.AspNetCompiler.ForceOverwrite = "true"
		Release.AspNetCompiler.FixedNames = "false"
		Release.AspNetCompiler.Debug = "False"
		VWDPort = "50144"
		SlnRelativePath = "..\AngularCustomerProject\"
	EndProjectSection
EndProject
Global
	GlobalSection(SolutionConfigurationPlatforms) = preSolution
		Debug|Any CPU = Debug|Any CPU
	EndGlobalSection
	GlobalSection(ProjectConfigurationPlatforms) = postSolution
		{D6A2E680-0B3D-460B-92D2-D12CE1C0889D}.Debug|Any CPU.ActiveCfg = Debug|Any CPU
		{D6A2E680-0B3D-460B-92D2-D12CE1C0889D}.Debug|Any CPU.Build.0 = Debug|Any CPU
	EndGlobalSection
	GlobalSection(SolutionProperties) = preSolution
		HideSolutionNode = FALSE
	EndGlobalSection
EndGlobal
